// !$*UTF8*$!
{
	archiveVersion = 1;
	classes = {
	};
	objectVersion = 55;
	objects = {

/* Begin PBXBuildFile section */
		726CB92E29F794A4003A6B5D /* AppDelegate.swift in Sources */ = {isa = PBXBuildFile; fileRef = 726CB92D29F794A4003A6B5D /* AppDelegate.swift */; };
		726CB93029F794A4003A6B5D /* SceneDelegate.swift in Sources */ = {isa = PBXBuildFile; fileRef = 726CB92F29F794A4003A6B5D /* SceneDelegate.swift */; };
		726CB93729F794A7003A6B5D /* Assets.xcassets in Resources */ = {isa = PBXBuildFile; fileRef = 726CB93629F794A7003A6B5D /* Assets.xcassets */; };
		726CB93A29F794A7003A6B5D /* LaunchScreen.storyboard in Resources */ = {isa = PBXBuildFile; fileRef = 726CB93829F794A7003A6B5D /* LaunchScreen.storyboard */; };
		726CB94529F794A7003A6B5D /* Lets_ChatingTests.swift in Sources */ = {isa = PBXBuildFile; fileRef = 726CB94429F794A7003A6B5D /* Lets_ChatingTests.swift */; };
		726CB94F29F794A7003A6B5D /* Lets_ChatingUITests.swift in Sources */ = {isa = PBXBuildFile; fileRef = 726CB94E29F794A7003A6B5D /* Lets_ChatingUITests.swift */; };
		726CB95129F794A7003A6B5D /* Lets_ChatingUITestsLaunchTests.swift in Sources */ = {isa = PBXBuildFile; fileRef = 726CB95029F794A7003A6B5D /* Lets_ChatingUITestsLaunchTests.swift */; };
		726CB95E29F79517003A6B5D /* GoogleService-Info.plist in Resources */ = {isa = PBXBuildFile; fileRef = 726CB95D29F79517003A6B5D /* GoogleService-Info.plist */; };
		726CB96729F79609003A6B5D /* LoginVC.swift in Sources */ = {isa = PBXBuildFile; fileRef = 726CB96529F79609003A6B5D /* LoginVC.swift */; };
		726CB96829F79609003A6B5D /* LoginVC.xib in Resources */ = {isa = PBXBuildFile; fileRef = 726CB96629F79609003A6B5D /* LoginVC.xib */; };
		726CB96A29F798CA003A6B5D /* CustomButton.swift in Sources */ = {isa = PBXBuildFile; fileRef = 726CB96929F798CA003A6B5D /* CustomButton.swift */; };
		726CB96E29F79DF2003A6B5D /* PasswordTF.swift in Sources */ = {isa = PBXBuildFile; fileRef = 726CB96D29F79DF2003A6B5D /* PasswordTF.swift */; };
		726CB97429F7A171003A6B5D /* UIViewControllerExtensions.swift in Sources */ = {isa = PBXBuildFile; fileRef = 726CB97329F7A171003A6B5D /* UIViewControllerExtensions.swift */; };
		726CB97829F7A5AF003A6B5D /* ConversationVC.swift in Sources */ = {isa = PBXBuildFile; fileRef = 726CB97629F7A5AF003A6B5D /* ConversationVC.swift */; };
		726CB97929F7A5AF003A6B5D /* ConversationVC.xib in Resources */ = {isa = PBXBuildFile; fileRef = 726CB97729F7A5AF003A6B5D /* ConversationVC.xib */; };
		726CB97C29F7AC53003A6B5D /* IQKeyboardManagerSwift in Frameworks */ = {isa = PBXBuildFile; productRef = 726CB97B29F7AC53003A6B5D /* IQKeyboardManagerSwift */; };
		726CB98029F7AD6E003A6B5D /* ChatCell.swift in Sources */ = {isa = PBXBuildFile; fileRef = 726CB97E29F7AD6E003A6B5D /* ChatCell.swift */; };
		726CB98129F7AD6E003A6B5D /* ChatCell.xib in Resources */ = {isa = PBXBuildFile; fileRef = 726CB97F29F7AD6E003A6B5D /* ChatCell.xib */; };
		726CB98329F7AE56003A6B5D /* TableExtension.swift in Sources */ = {isa = PBXBuildFile; fileRef = 726CB98229F7AE56003A6B5D /* TableExtension.swift */; };
		726CB98A29F7BECB003A6B5D /* CreateAccVC.swift in Sources */ = {isa = PBXBuildFile; fileRef = 726CB98829F7BECB003A6B5D /* CreateAccVC.swift */; };
		726CB98B29F7BECB003A6B5D /* CreateAccVC.xib in Resources */ = {isa = PBXBuildFile; fileRef = 726CB98929F7BECB003A6B5D /* CreateAccVC.xib */; };
		726CB98D29F7C3CD003A6B5D /* CustomView.swift in Sources */ = {isa = PBXBuildFile; fileRef = 726CB98C29F7C3CD003A6B5D /* CustomView.swift */; };
		726CB99829F7CE63003A6B5D /* User.swift in Sources */ = {isa = PBXBuildFile; fileRef = 726CB99729F7CE63003A6B5D /* User.swift */; };
		726CB99C29F7DC1E003A6B5D /* FriendsVC.swift in Sources */ = {isa = PBXBuildFile; fileRef = 726CB99A29F7DC1E003A6B5D /* FriendsVC.swift */; };
		726CB99D29F7DC1E003A6B5D /* FriendsVC.xib in Resources */ = {isa = PBXBuildFile; fileRef = 726CB99B29F7DC1E003A6B5D /* FriendsVC.xib */; };
		726CB9AA29F7ED55003A6B5D /* FirebaseAnalytics in Frameworks */ = {isa = PBXBuildFile; productRef = 726CB9A929F7ED55003A6B5D /* FirebaseAnalytics */; };
		726CB9AC29F7ED55003A6B5D /* FirebaseAuth in Frameworks */ = {isa = PBXBuildFile; productRef = 726CB9AB29F7ED55003A6B5D /* FirebaseAuth */; };
		726CB9AE29F7ED55003A6B5D /* FirebaseDatabase in Frameworks */ = {isa = PBXBuildFile; productRef = 726CB9AD29F7ED55003A6B5D /* FirebaseDatabase */; };
		726CB9B029F7ED55003A6B5D /* FirebaseFirestore in Frameworks */ = {isa = PBXBuildFile; productRef = 726CB9AF29F7ED55003A6B5D /* FirebaseFirestore */; };
		726CB9B229F7ED55003A6B5D /* FirebaseStorage in Frameworks */ = {isa = PBXBuildFile; productRef = 726CB9B129F7ED55003A6B5D /* FirebaseStorage */; };
		72A1ADFF29FFB81C0093FEF1 /* HomePage.swift in Sources */ = {isa = PBXBuildFile; fileRef = 72A1ADFD29FFB81C0093FEF1 /* HomePage.swift */; };
		72A1AE0029FFB81C0093FEF1 /* HomePage.xib in Resources */ = {isa = PBXBuildFile; fileRef = 72A1ADFE29FFB81C0093FEF1 /* HomePage.xib */; };
		72A1AE0429FFC7060093FEF1 /* ProfileVC.swift in Sources */ = {isa = PBXBuildFile; fileRef = 72A1AE0229FFC7060093FEF1 /* ProfileVC.swift */; };
		72A1AE0529FFC7060093FEF1 /* ProfileVC.xib in Resources */ = {isa = PBXBuildFile; fileRef = 72A1AE0329FFC7060093FEF1 /* ProfileVC.xib */; };
		72FEF97C2A0A580E0053CA8D /* MessageKit in Frameworks */ = {isa = PBXBuildFile; productRef = 72FEF97B2A0A580E0053CA8D /* MessageKit */; };
		72FEF97F2A0A58650053CA8D /* JGProgressHUD in Frameworks */ = {isa = PBXBuildFile; productRef = 72FEF97E2A0A58650053CA8D /* JGProgressHUD */; };
		72FEF9822A0A592A0053CA8D /* SDWebImage in Frameworks */ = {isa = PBXBuildFile; productRef = 72FEF9812A0A592A0053CA8D /* SDWebImage */; };
		72FEF9842A0A592A0053CA8D /* SDWebImageMapKit in Frameworks */ = {isa = PBXBuildFile; productRef = 72FEF9832A0A592A0053CA8D /* SDWebImageMapKit */; };
		72FEF9882A0A5E180053CA8D /* ChatVC.swift in Sources */ = {isa = PBXBuildFile; fileRef = 72FEF9862A0A5E180053CA8D /* ChatVC.swift */; };
		72FEF9892A0A5E180053CA8D /* ChatVC.xib in Resources */ = {isa = PBXBuildFile; fileRef = 72FEF9872A0A5E180053CA8D /* ChatVC.xib */; };
		72FEF98B2A0A69D20053CA8D /* StorageManager.swift in Sources */ = {isa = PBXBuildFile; fileRef = 72FEF98A2A0A69D20053CA8D /* StorageManager.swift */; };
/* End PBXBuildFile section */

/* Begin PBXContainerItemProxy section */
		726CB94129F794A7003A6B5D /* PBXContainerItemProxy */ = {
			isa = PBXContainerItemProxy;
			containerPortal = 726CB92229F794A4003A6B5D /* Project object */;
			proxyType = 1;
			remoteGlobalIDString = 726CB92929F794A4003A6B5D;
			remoteInfo = "Lets Chating";
		};
		726CB94B29F794A7003A6B5D /* PBXContainerItemProxy */ = {
			isa = PBXContainerItemProxy;
			containerPortal = 726CB92229F794A4003A6B5D /* Project object */;
			proxyType = 1;
			remoteGlobalIDString = 726CB92929F794A4003A6B5D;
			remoteInfo = "Lets Chating";
		};
/* End PBXContainerItemProxy section */

/* Begin PBXFileReference section */
		726CB92A29F794A4003A6B5D /* Lets Chating.app */ = {isa = PBXFileReference; explicitFileType = wrapper.application; includeInIndex = 0; path = "Lets Chating.app"; sourceTree = BUILT_PRODUCTS_DIR; };
		726CB92D29F794A4003A6B5D /* AppDelegate.swift */ = {isa = PBXFileReference; lastKnownFileType = sourcecode.swift; path = AppDelegate.swift; sourceTree = "<group>"; };
		726CB92F29F794A4003A6B5D /* SceneDelegate.swift */ = {isa = PBXFileReference; lastKnownFileType = sourcecode.swift; path = SceneDelegate.swift; sourceTree = "<group>"; };
		726CB93629F794A7003A6B5D /* Assets.xcassets */ = {isa = PBXFileReference; lastKnownFileType = folder.assetcatalog; path = Assets.xcassets; sourceTree = "<group>"; };
		726CB93929F794A7003A6B5D /* Base */ = {isa = PBXFileReference; lastKnownFileType = file.storyboard; name = Base; path = Base.lproj/LaunchScreen.storyboard; sourceTree = "<group>"; };
		726CB93B29F794A7003A6B5D /* Info.plist */ = {isa = PBXFileReference; lastKnownFileType = text.plist.xml; path = Info.plist; sourceTree = "<group>"; };
		726CB94029F794A7003A6B5D /* Lets ChatingTests.xctest */ = {isa = PBXFileReference; explicitFileType = wrapper.cfbundle; includeInIndex = 0; path = "Lets ChatingTests.xctest"; sourceTree = BUILT_PRODUCTS_DIR; };
		726CB94429F794A7003A6B5D /* Lets_ChatingTests.swift */ = {isa = PBXFileReference; lastKnownFileType = sourcecode.swift; path = Lets_ChatingTests.swift; sourceTree = "<group>"; };
		726CB94A29F794A7003A6B5D /* Lets ChatingUITests.xctest */ = {isa = PBXFileReference; explicitFileType = wrapper.cfbundle; includeInIndex = 0; path = "Lets ChatingUITests.xctest"; sourceTree = BUILT_PRODUCTS_DIR; };
		726CB94E29F794A7003A6B5D /* Lets_ChatingUITests.swift */ = {isa = PBXFileReference; lastKnownFileType = sourcecode.swift; path = Lets_ChatingUITests.swift; sourceTree = "<group>"; };
		726CB95029F794A7003A6B5D /* Lets_ChatingUITestsLaunchTests.swift */ = {isa = PBXFileReference; lastKnownFileType = sourcecode.swift; path = Lets_ChatingUITestsLaunchTests.swift; sourceTree = "<group>"; };
		726CB95D29F79517003A6B5D /* GoogleService-Info.plist */ = {isa = PBXFileReference; fileEncoding = 4; lastKnownFileType = text.plist.xml; path = "GoogleService-Info.plist"; sourceTree = "<group>"; };
		726CB96529F79609003A6B5D /* LoginVC.swift */ = {isa = PBXFileReference; lastKnownFileType = sourcecode.swift; path = LoginVC.swift; sourceTree = "<group>"; };
		726CB96629F79609003A6B5D /* LoginVC.xib */ = {isa = PBXFileReference; lastKnownFileType = file.xib; path = LoginVC.xib; sourceTree = "<group>"; };
		726CB96929F798CA003A6B5D /* CustomButton.swift */ = {isa = PBXFileReference; lastKnownFileType = sourcecode.swift; path = CustomButton.swift; sourceTree = "<group>"; };
		726CB96D29F79DF2003A6B5D /* PasswordTF.swift */ = {isa = PBXFileReference; lastKnownFileType = sourcecode.swift; path = PasswordTF.swift; sourceTree = "<group>"; };
		726CB97329F7A171003A6B5D /* UIViewControllerExtensions.swift */ = {isa = PBXFileReference; lastKnownFileType = sourcecode.swift; path = UIViewControllerExtensions.swift; sourceTree = "<group>"; };
		726CB97629F7A5AF003A6B5D /* ConversationVC.swift */ = {isa = PBXFileReference; lastKnownFileType = sourcecode.swift; path = ConversationVC.swift; sourceTree = "<group>"; };
		726CB97729F7A5AF003A6B5D /* ConversationVC.xib */ = {isa = PBXFileReference; lastKnownFileType = file.xib; path = ConversationVC.xib; sourceTree = "<group>"; };
		726CB97E29F7AD6E003A6B5D /* ChatCell.swift */ = {isa = PBXFileReference; lastKnownFileType = sourcecode.swift; path = ChatCell.swift; sourceTree = "<group>"; };
		726CB97F29F7AD6E003A6B5D /* ChatCell.xib */ = {isa = PBXFileReference; lastKnownFileType = file.xib; path = ChatCell.xib; sourceTree = "<group>"; };
		726CB98229F7AE56003A6B5D /* TableExtension.swift */ = {isa = PBXFileReference; lastKnownFileType = sourcecode.swift; path = TableExtension.swift; sourceTree = "<group>"; };
		726CB98829F7BECB003A6B5D /* CreateAccVC.swift */ = {isa = PBXFileReference; lastKnownFileType = sourcecode.swift; path = CreateAccVC.swift; sourceTree = "<group>"; };
		726CB98929F7BECB003A6B5D /* CreateAccVC.xib */ = {isa = PBXFileReference; lastKnownFileType = file.xib; path = CreateAccVC.xib; sourceTree = "<group>"; };
		726CB98C29F7C3CD003A6B5D /* CustomView.swift */ = {isa = PBXFileReference; lastKnownFileType = sourcecode.swift; path = CustomView.swift; sourceTree = "<group>"; };
		726CB99729F7CE63003A6B5D /* User.swift */ = {isa = PBXFileReference; lastKnownFileType = sourcecode.swift; path = User.swift; sourceTree = "<group>"; };
		726CB99A29F7DC1E003A6B5D /* FriendsVC.swift */ = {isa = PBXFileReference; lastKnownFileType = sourcecode.swift; path = FriendsVC.swift; sourceTree = "<group>"; };
		726CB99B29F7DC1E003A6B5D /* FriendsVC.xib */ = {isa = PBXFileReference; lastKnownFileType = file.xib; path = FriendsVC.xib; sourceTree = "<group>"; };
		72A1ADFD29FFB81C0093FEF1 /* HomePage.swift */ = {isa = PBXFileReference; lastKnownFileType = sourcecode.swift; path = HomePage.swift; sourceTree = "<group>"; };
		72A1ADFE29FFB81C0093FEF1 /* HomePage.xib */ = {isa = PBXFileReference; lastKnownFileType = file.xib; path = HomePage.xib; sourceTree = "<group>"; };
		72A1AE0229FFC7060093FEF1 /* ProfileVC.swift */ = {isa = PBXFileReference; lastKnownFileType = sourcecode.swift; path = ProfileVC.swift; sourceTree = "<group>"; };
		72A1AE0329FFC7060093FEF1 /* ProfileVC.xib */ = {isa = PBXFileReference; lastKnownFileType = file.xib; path = ProfileVC.xib; sourceTree = "<group>"; };
		72FEF9862A0A5E180053CA8D /* ChatVC.swift */ = {isa = PBXFileReference; lastKnownFileType = sourcecode.swift; path = ChatVC.swift; sourceTree = "<group>"; };
		72FEF9872A0A5E180053CA8D /* ChatVC.xib */ = {isa = PBXFileReference; lastKnownFileType = file.xib; path = ChatVC.xib; sourceTree = "<group>"; };
		72FEF98A2A0A69D20053CA8D /* StorageManager.swift */ = {isa = PBXFileReference; lastKnownFileType = sourcecode.swift; path = StorageManager.swift; sourceTree = "<group>"; };
/* End PBXFileReference section */

/* Begin PBXFrameworksBuildPhase section */
		726CB92729F794A4003A6B5D /* Frameworks */ = {
			isa = PBXFrameworksBuildPhase;
			buildActionMask = 2147483647;
			files = (
				726CB9AA29F7ED55003A6B5D /* FirebaseAnalytics in Frameworks */,
				726CB9AC29F7ED55003A6B5D /* FirebaseAuth in Frameworks */,
				726CB9AE29F7ED55003A6B5D /* FirebaseDatabase in Frameworks */,
				72FEF97C2A0A580E0053CA8D /* MessageKit in Frameworks */,
				72FEF97F2A0A58650053CA8D /* JGProgressHUD in Frameworks */,
				726CB9B029F7ED55003A6B5D /* FirebaseFirestore in Frameworks */,
				72FEF9842A0A592A0053CA8D /* SDWebImageMapKit in Frameworks */,
				72FEF9822A0A592A0053CA8D /* SDWebImage in Frameworks */,
				726CB97C29F7AC53003A6B5D /* IQKeyboardManagerSwift in Frameworks */,
				726CB9B229F7ED55003A6B5D /* FirebaseStorage in Frameworks */,
			);
			runOnlyForDeploymentPostprocessing = 0;
		};
		726CB93D29F794A7003A6B5D /* Frameworks */ = {
			isa = PBXFrameworksBuildPhase;
			buildActionMask = 2147483647;
			files = (
			);
			runOnlyForDeploymentPostprocessing = 0;
		};
		726CB94729F794A7003A6B5D /* Frameworks */ = {
			isa = PBXFrameworksBuildPhase;
			buildActionMask = 2147483647;
			files = (
			);
			runOnlyForDeploymentPostprocessing = 0;
		};
/* End PBXFrameworksBuildPhase section */

/* Begin PBXGroup section */
		726CB92129F794A4003A6B5D = {
			isa = PBXGroup;
			children = (
				726CB92C29F794A4003A6B5D /* Lets Chating */,
				726CB94329F794A7003A6B5D /* Lets ChatingTests */,
				726CB94D29F794A7003A6B5D /* Lets ChatingUITests */,
				726CB92B29F794A4003A6B5D /* Products */,
			);
			sourceTree = "<group>";
		};
		726CB92B29F794A4003A6B5D /* Products */ = {
			isa = PBXGroup;
			children = (
				726CB92A29F794A4003A6B5D /* Lets Chating.app */,
				726CB94029F794A7003A6B5D /* Lets ChatingTests.xctest */,
				726CB94A29F794A7003A6B5D /* Lets ChatingUITests.xctest */,
			);
			name = Products;
			sourceTree = "<group>";
		};
		726CB92C29F794A4003A6B5D /* Lets Chating */ = {
			isa = PBXGroup;
			children = (
				726CB97229F7A152003A6B5D /* Scense */,
				726CB97129F7A117003A6B5D /* Assets */,
				726CB97029F7A103003A6B5D /* Host */,
				726CB96F29F7A0EA003A6B5D /* Extensions */,
				726CB93B29F794A7003A6B5D /* Info.plist */,
				726CB95D29F79517003A6B5D /* GoogleService-Info.plist */,
				726CB99729F7CE63003A6B5D /* User.swift */,
				72FEF98A2A0A69D20053CA8D /* StorageManager.swift */,
			);
			path = "Lets Chating";
			sourceTree = "<group>";
		};
		726CB94329F794A7003A6B5D /* Lets ChatingTests */ = {
			isa = PBXGroup;
			children = (
				726CB94429F794A7003A6B5D /* Lets_ChatingTests.swift */,
			);
			path = "Lets ChatingTests";
			sourceTree = "<group>";
		};
		726CB94D29F794A7003A6B5D /* Lets ChatingUITests */ = {
			isa = PBXGroup;
			children = (
				726CB94E29F794A7003A6B5D /* Lets_ChatingUITests.swift */,
				726CB95029F794A7003A6B5D /* Lets_ChatingUITestsLaunchTests.swift */,
			);
			path = "Lets ChatingUITests";
			sourceTree = "<group>";
		};
		726CB96429F795C2003A6B5D /* LoginVC */ = {
			isa = PBXGroup;
			children = (
				726CB96529F79609003A6B5D /* LoginVC.swift */,
				726CB96629F79609003A6B5D /* LoginVC.xib */,
			);
			path = LoginVC;
			sourceTree = "<group>";
		};
		726CB96F29F7A0EA003A6B5D /* Extensions */ = {
			isa = PBXGroup;
			children = (
				726CB96929F798CA003A6B5D /* CustomButton.swift */,
				726CB96D29F79DF2003A6B5D /* PasswordTF.swift */,
				726CB97329F7A171003A6B5D /* UIViewControllerExtensions.swift */,
				726CB98229F7AE56003A6B5D /* TableExtension.swift */,
				726CB98C29F7C3CD003A6B5D /* CustomView.swift */,
			);
			path = Extensions;
			sourceTree = "<group>";
		};
		726CB97029F7A103003A6B5D /* Host */ = {
			isa = PBXGroup;
			children = (
				726CB93829F794A7003A6B5D /* LaunchScreen.storyboard */,
				726CB92F29F794A4003A6B5D /* SceneDelegate.swift */,
				726CB92D29F794A4003A6B5D /* AppDelegate.swift */,
			);
			path = Host;
			sourceTree = "<group>";
		};
		726CB97129F7A117003A6B5D /* Assets */ = {
			isa = PBXGroup;
			children = (
				726CB93629F794A7003A6B5D /* Assets.xcassets */,
			);
			path = Assets;
			sourceTree = "<group>";
		};
		726CB97229F7A152003A6B5D /* Scense */ = {
			isa = PBXGroup;
			children = (
				72FEF9852A0A5DFE0053CA8D /* ChatVC */,
				72A1ADFC29FFB7EC0093FEF1 /* HomePageTabBar */,
				72A1AE0129FFC6EA0093FEF1 /* ProfileVC */,
				726CB99929F7DBFF003A6B5D /* FriendsPageVC */,
				726CB97529F7A576003A6B5D /* ConversationVC */,
				726CB98729F7BEAC003A6B5D /* CreateAccVC */,
				726CB96429F795C2003A6B5D /* LoginVC */,
			);
			path = Scense;
			sourceTree = "<group>";
		};
		726CB97529F7A576003A6B5D /* ConversationVC */ = {
			isa = PBXGroup;
			children = (
				726CB97D29F7AD49003A6B5D /* ChatCell */,
				726CB97629F7A5AF003A6B5D /* ConversationVC.swift */,
				726CB97729F7A5AF003A6B5D /* ConversationVC.xib */,
			);
			path = ConversationVC;
			sourceTree = "<group>";
		};
		726CB97D29F7AD49003A6B5D /* ChatCell */ = {
			isa = PBXGroup;
			children = (
				726CB97E29F7AD6E003A6B5D /* ChatCell.swift */,
				726CB97F29F7AD6E003A6B5D /* ChatCell.xib */,
			);
			path = ChatCell;
			sourceTree = "<group>";
		};
		726CB98729F7BEAC003A6B5D /* CreateAccVC */ = {
			isa = PBXGroup;
			children = (
				726CB98829F7BECB003A6B5D /* CreateAccVC.swift */,
				726CB98929F7BECB003A6B5D /* CreateAccVC.xib */,
			);
			path = CreateAccVC;
			sourceTree = "<group>";
		};
		726CB99929F7DBFF003A6B5D /* FriendsPageVC */ = {
			isa = PBXGroup;
			children = (
				726CB99A29F7DC1E003A6B5D /* FriendsVC.swift */,
				726CB99B29F7DC1E003A6B5D /* FriendsVC.xib */,
			);
			path = FriendsPageVC;
			sourceTree = "<group>";
		};
		72A1ADFC29FFB7EC0093FEF1 /* HomePageTabBar */ = {
			isa = PBXGroup;
			children = (
				72A1ADFD29FFB81C0093FEF1 /* HomePage.swift */,
				72A1ADFE29FFB81C0093FEF1 /* HomePage.xib */,
			);
			path = HomePageTabBar;
			sourceTree = "<group>";
		};
		72A1AE0129FFC6EA0093FEF1 /* ProfileVC */ = {
			isa = PBXGroup;
			children = (
				72A1AE0229FFC7060093FEF1 /* ProfileVC.swift */,
				72A1AE0329FFC7060093FEF1 /* ProfileVC.xib */,
			);
			path = ProfileVC;
			sourceTree = "<group>";
		};
		72FEF9852A0A5DFE0053CA8D /* ChatVC */ = {
			isa = PBXGroup;
			children = (
				72FEF9862A0A5E180053CA8D /* ChatVC.swift */,
				72FEF9872A0A5E180053CA8D /* ChatVC.xib */,
			);
			path = ChatVC;
			sourceTree = "<group>";
		};
/* End PBXGroup section */

/* Begin PBXNativeTarget section */
		726CB92929F794A4003A6B5D /* Lets Chating */ = {
			isa = PBXNativeTarget;
			buildConfigurationList = 726CB95429F794A7003A6B5D /* Build configuration list for PBXNativeTarget "Lets Chating" */;
			buildPhases = (
				726CB92629F794A4003A6B5D /* Sources */,
				726CB92729F794A4003A6B5D /* Frameworks */,
				726CB92829F794A4003A6B5D /* Resources */,
			);
			buildRules = (
			);
			dependencies = (
			);
			name = "Lets Chating";
			packageProductDependencies = (
				726CB97B29F7AC53003A6B5D /* IQKeyboardManagerSwift */,
				726CB9A929F7ED55003A6B5D /* FirebaseAnalytics */,
				726CB9AB29F7ED55003A6B5D /* FirebaseAuth */,
				726CB9AD29F7ED55003A6B5D /* FirebaseDatabase */,
				726CB9AF29F7ED55003A6B5D /* FirebaseFirestore */,
				726CB9B129F7ED55003A6B5D /* FirebaseStorage */,
				72FEF97B2A0A580E0053CA8D /* MessageKit */,
				72FEF97E2A0A58650053CA8D /* JGProgressHUD */,
				72FEF9812A0A592A0053CA8D /* SDWebImage */,
				72FEF9832A0A592A0053CA8D /* SDWebImageMapKit */,
			);
			productName = "Lets Chating";
			productReference = 726CB92A29F794A4003A6B5D /* Lets Chating.app */;
			productType = "com.apple.product-type.application";
		};
		726CB93F29F794A7003A6B5D /* Lets ChatingTests */ = {
			isa = PBXNativeTarget;
			buildConfigurationList = 726CB95729F794A7003A6B5D /* Build configuration list for PBXNativeTarget "Lets ChatingTests" */;
			buildPhases = (
				726CB93C29F794A7003A6B5D /* Sources */,
				726CB93D29F794A7003A6B5D /* Frameworks */,
				726CB93E29F794A7003A6B5D /* Resources */,
			);
			buildRules = (
			);
			dependencies = (
				726CB94229F794A7003A6B5D /* PBXTargetDependency */,
			);
			name = "Lets ChatingTests";
			productName = "Lets ChatingTests";
			productReference = 726CB94029F794A7003A6B5D /* Lets ChatingTests.xctest */;
			productType = "com.apple.product-type.bundle.unit-test";
		};
		726CB94929F794A7003A6B5D /* Lets ChatingUITests */ = {
			isa = PBXNativeTarget;
			buildConfigurationList = 726CB95A29F794A7003A6B5D /* Build configuration list for PBXNativeTarget "Lets ChatingUITests" */;
			buildPhases = (
				726CB94629F794A7003A6B5D /* Sources */,
				726CB94729F794A7003A6B5D /* Frameworks */,
				726CB94829F794A7003A6B5D /* Resources */,
			);
			buildRules = (
			);
			dependencies = (
				726CB94C29F794A7003A6B5D /* PBXTargetDependency */,
			);
			name = "Lets ChatingUITests";
			productName = "Lets ChatingUITests";
			productReference = 726CB94A29F794A7003A6B5D /* Lets ChatingUITests.xctest */;
			productType = "com.apple.product-type.bundle.ui-testing";
		};
/* End PBXNativeTarget section */

/* Begin PBXProject section */
		726CB92229F794A4003A6B5D /* Project object */ = {
			isa = PBXProject;
			attributes = {
				BuildIndependentTargetsInParallel = 1;
				LastSwiftUpdateCheck = 1340;
				LastUpgradeCheck = 1340;
				TargetAttributes = {
					726CB92929F794A4003A6B5D = {
						CreatedOnToolsVersion = 13.4.1;
					};
					726CB93F29F794A7003A6B5D = {
						CreatedOnToolsVersion = 13.4.1;
						TestTargetID = 726CB92929F794A4003A6B5D;
					};
					726CB94929F794A7003A6B5D = {
						CreatedOnToolsVersion = 13.4.1;
						TestTargetID = 726CB92929F794A4003A6B5D;
					};
				};
			};
			buildConfigurationList = 726CB92529F794A4003A6B5D /* Build configuration list for PBXProject "Lets Chating" */;
			compatibilityVersion = "Xcode 13.0";
			developmentRegion = en;
			hasScannedForEncodings = 0;
			knownRegions = (
				en,
				Base,
			);
			mainGroup = 726CB92129F794A4003A6B5D;
			packageReferences = (
				726CB97A29F7AC53003A6B5D /* XCRemoteSwiftPackageReference "IQKeyboardManager" */,
				726CB9A829F7ED55003A6B5D /* XCRemoteSwiftPackageReference "firebase-ios-sdk" */,
				72FEF97A2A0A580D0053CA8D /* XCRemoteSwiftPackageReference "MessageKit" */,
				72FEF97D2A0A58650053CA8D /* XCRemoteSwiftPackageReference "JGProgressHUD" */,
				72FEF9802A0A592A0053CA8D /* XCRemoteSwiftPackageReference "SDWebImage" */,
			);
			productRefGroup = 726CB92B29F794A4003A6B5D /* Products */;
			projectDirPath = "";
			projectRoot = "";
			targets = (
				726CB92929F794A4003A6B5D /* Lets Chating */,
				726CB93F29F794A7003A6B5D /* Lets ChatingTests */,
				726CB94929F794A7003A6B5D /* Lets ChatingUITests */,
			);
		};
/* End PBXProject section */

/* Begin PBXResourcesBuildPhase section */
		726CB92829F794A4003A6B5D /* Resources */ = {
			isa = PBXResourcesBuildPhase;
			buildActionMask = 2147483647;
			files = (
				72A1AE0029FFB81C0093FEF1 /* HomePage.xib in Resources */,
				726CB98B29F7BECB003A6B5D /* CreateAccVC.xib in Resources */,
				726CB96829F79609003A6B5D /* LoginVC.xib in Resources */,
				726CB99D29F7DC1E003A6B5D /* FriendsVC.xib in Resources */,
				72A1AE0529FFC7060093FEF1 /* ProfileVC.xib in Resources */,
				726CB98129F7AD6E003A6B5D /* ChatCell.xib in Resources */,
				726CB93A29F794A7003A6B5D /* LaunchScreen.storyboard in Resources */,
				726CB97929F7A5AF003A6B5D /* ConversationVC.xib in Resources */,
				72FEF9892A0A5E180053CA8D /* ChatVC.xib in Resources */,
				726CB95E29F79517003A6B5D /* GoogleService-Info.plist in Resources */,
				726CB93729F794A7003A6B5D /* Assets.xcassets in Resources */,
			);
			runOnlyForDeploymentPostprocessing = 0;
		};
		726CB93E29F794A7003A6B5D /* Resources */ = {
			isa = PBXResourcesBuildPhase;
			buildActionMask = 2147483647;
			files = (
			);
			runOnlyForDeploymentPostprocessing = 0;
		};
		726CB94829F794A7003A6B5D /* Resources */ = {
			isa = PBXResourcesBuildPhase;
			buildActionMask = 2147483647;
			files = (
			);
			runOnlyForDeploymentPostprocessing = 0;
		};
/* End PBXResourcesBuildPhase section */

/* Begin PBXSourcesBuildPhase section */
		726CB92629F794A4003A6B5D /* Sources */ = {
			isa = PBXSourcesBuildPhase;
			buildActionMask = 2147483647;
			files = (
				72FEF98B2A0A69D20053CA8D /* StorageManager.swift in Sources */,
				72FEF9882A0A5E180053CA8D /* ChatVC.swift in Sources */,
				72A1AE0429FFC7060093FEF1 /* ProfileVC.swift in Sources */,
				726CB96E29F79DF2003A6B5D /* PasswordTF.swift in Sources */,
				726CB98329F7AE56003A6B5D /* TableExtension.swift in Sources */,
				726CB98029F7AD6E003A6B5D /* ChatCell.swift in Sources */,
				726CB97829F7A5AF003A6B5D /* ConversationVC.swift in Sources */,
				726CB92E29F794A4003A6B5D /* AppDelegate.swift in Sources */,
				72A1ADFF29FFB81C0093FEF1 /* HomePage.swift in Sources */,
				726CB96729F79609003A6B5D /* LoginVC.swift in Sources */,
				726CB98D29F7C3CD003A6B5D /* CustomView.swift in Sources */,
				726CB93029F794A4003A6B5D /* SceneDelegate.swift in Sources */,
				726CB99829F7CE63003A6B5D /* User.swift in Sources */,
				726CB97429F7A171003A6B5D /* UIViewControllerExtensions.swift in Sources */,
				726CB98A29F7BECB003A6B5D /* CreateAccVC.swift in Sources */,
				726CB99C29F7DC1E003A6B5D /* FriendsVC.swift in Sources */,
				726CB96A29F798CA003A6B5D /* CustomButton.swift in Sources */,
			);
			runOnlyForDeploymentPostprocessing = 0;
		};
		726CB93C29F794A7003A6B5D /* Sources */ = {
			isa = PBXSourcesBuildPhase;
			buildActionMask = 2147483647;
			files = (
				726CB94529F794A7003A6B5D /* Lets_ChatingTests.swift in Sources */,
			);
			runOnlyForDeploymentPostprocessing = 0;
		};
		726CB94629F794A7003A6B5D /* Sources */ = {
			isa = PBXSourcesBuildPhase;
			buildActionMask = 2147483647;
			files = (
				726CB94F29F794A7003A6B5D /* Lets_ChatingUITests.swift in Sources */,
				726CB95129F794A7003A6B5D /* Lets_ChatingUITestsLaunchTests.swift in Sources */,
			);
			runOnlyForDeploymentPostprocessing = 0;
		};
/* End PBXSourcesBuildPhase section */

/* Begin PBXTargetDependency section */
		726CB94229F794A7003A6B5D /* PBXTargetDependency */ = {
			isa = PBXTargetDependency;
			target = 726CB92929F794A4003A6B5D /* Lets Chating */;
			targetProxy = 726CB94129F794A7003A6B5D /* PBXContainerItemProxy */;
		};
		726CB94C29F794A7003A6B5D /* PBXTargetDependency */ = {
			isa = PBXTargetDependency;
			target = 726CB92929F794A4003A6B5D /* Lets Chating */;
			targetProxy = 726CB94B29F794A7003A6B5D /* PBXContainerItemProxy */;
		};
/* End PBXTargetDependency section */

/* Begin PBXVariantGroup section */
		726CB93829F794A7003A6B5D /* LaunchScreen.storyboard */ = {
			isa = PBXVariantGroup;
			children = (
				726CB93929F794A7003A6B5D /* Base */,
			);
			name = LaunchScreen.storyboard;
			sourceTree = "<group>";
		};
/* End PBXVariantGroup section */

/* Begin XCBuildConfiguration section */
		726CB95229F794A7003A6B5D /* Debug */ = {
			isa = XCBuildConfiguration;
			buildSettings = {
				ALWAYS_SEARCH_USER_PATHS = NO;
				CLANG_ANALYZER_NONNULL = YES;
				CLANG_ANALYZER_NUMBER_OBJECT_CONVERSION = YES_AGGRESSIVE;
				CLANG_CXX_LANGUAGE_STANDARD = "gnu++17";
				CLANG_ENABLE_MODULES = YES;
				CLANG_ENABLE_OBJC_ARC = YES;
				CLANG_ENABLE_OBJC_WEAK = YES;
				CLANG_WARN_BLOCK_CAPTURE_AUTORELEASING = YES;
				CLANG_WARN_BOOL_CONVERSION = YES;
				CLANG_WARN_COMMA = YES;
				CLANG_WARN_CONSTANT_CONVERSION = YES;
				CLANG_WARN_DEPRECATED_OBJC_IMPLEMENTATIONS = YES;
				CLANG_WARN_DIRECT_OBJC_ISA_USAGE = YES_ERROR;
				CLANG_WARN_DOCUMENTATION_COMMENTS = YES;
				CLANG_WARN_EMPTY_BODY = YES;
				CLANG_WARN_ENUM_CONVERSION = YES;
				CLANG_WARN_INFINITE_RECURSION = YES;
				CLANG_WARN_INT_CONVERSION = YES;
				CLANG_WARN_NON_LITERAL_NULL_CONVERSION = YES;
				CLANG_WARN_OBJC_IMPLICIT_RETAIN_SELF = YES;
				CLANG_WARN_OBJC_LITERAL_CONVERSION = YES;
				CLANG_WARN_OBJC_ROOT_CLASS = YES_ERROR;
				CLANG_WARN_QUOTED_INCLUDE_IN_FRAMEWORK_HEADER = YES;
				CLANG_WARN_RANGE_LOOP_ANALYSIS = YES;
				CLANG_WARN_STRICT_PROTOTYPES = YES;
				CLANG_WARN_SUSPICIOUS_MOVE = YES;
				CLANG_WARN_UNGUARDED_AVAILABILITY = YES_AGGRESSIVE;
				CLANG_WARN_UNREACHABLE_CODE = YES;
				CLANG_WARN__DUPLICATE_METHOD_MATCH = YES;
				COPY_PHASE_STRIP = NO;
				DEBUG_INFORMATION_FORMAT = dwarf;
				ENABLE_STRICT_OBJC_MSGSEND = YES;
				ENABLE_TESTABILITY = YES;
				GCC_C_LANGUAGE_STANDARD = gnu11;
				GCC_DYNAMIC_NO_PIC = NO;
				GCC_NO_COMMON_BLOCKS = YES;
				GCC_OPTIMIZATION_LEVEL = 0;
				GCC_PREPROCESSOR_DEFINITIONS = (
					"DEBUG=1",
					"$(inherited)",
				);
				GCC_WARN_64_TO_32_BIT_CONVERSION = YES;
				GCC_WARN_ABOUT_RETURN_TYPE = YES_ERROR;
				GCC_WARN_UNDECLARED_SELECTOR = YES;
				GCC_WARN_UNINITIALIZED_AUTOS = YES_AGGRESSIVE;
				GCC_WARN_UNUSED_FUNCTION = YES;
				GCC_WARN_UNUSED_VARIABLE = YES;
				IPHONEOS_DEPLOYMENT_TARGET = 15.5;
				MTL_ENABLE_DEBUG_INFO = INCLUDE_SOURCE;
				MTL_FAST_MATH = YES;
				ONLY_ACTIVE_ARCH = YES;
				SDKROOT = iphoneos;
				SWIFT_ACTIVE_COMPILATION_CONDITIONS = DEBUG;
				SWIFT_OPTIMIZATION_LEVEL = "-Onone";
			};
			name = Debug;
		};
		726CB95329F794A7003A6B5D /* Release */ = {
			isa = XCBuildConfiguration;
			buildSettings = {
				ALWAYS_SEARCH_USER_PATHS = NO;
				CLANG_ANALYZER_NONNULL = YES;
				CLANG_ANALYZER_NUMBER_OBJECT_CONVERSION = YES_AGGRESSIVE;
				CLANG_CXX_LANGUAGE_STANDARD = "gnu++17";
				CLANG_ENABLE_MODULES = YES;
				CLANG_ENABLE_OBJC_ARC = YES;
				CLANG_ENABLE_OBJC_WEAK = YES;
				CLANG_WARN_BLOCK_CAPTURE_AUTORELEASING = YES;
				CLANG_WARN_BOOL_CONVERSION = YES;
				CLANG_WARN_COMMA = YES;
				CLANG_WARN_CONSTANT_CONVERSION = YES;
				CLANG_WARN_DEPRECATED_OBJC_IMPLEMENTATIONS = YES;
				CLANG_WARN_DIRECT_OBJC_ISA_USAGE = YES_ERROR;
				CLANG_WARN_DOCUMENTATION_COMMENTS = YES;
				CLANG_WARN_EMPTY_BODY = YES;
				CLANG_WARN_ENUM_CONVERSION = YES;
				CLANG_WARN_INFINITE_RECURSION = YES;
				CLANG_WARN_INT_CONVERSION = YES;
				CLANG_WARN_NON_LITERAL_NULL_CONVERSION = YES;
				CLANG_WARN_OBJC_IMPLICIT_RETAIN_SELF = YES;
				CLANG_WARN_OBJC_LITERAL_CONVERSION = YES;
				CLANG_WARN_OBJC_ROOT_CLASS = YES_ERROR;
				CLANG_WARN_QUOTED_INCLUDE_IN_FRAMEWORK_HEADER = YES;
				CLANG_WARN_RANGE_LOOP_ANALYSIS = YES;
				CLANG_WARN_STRICT_PROTOTYPES = YES;
				CLANG_WARN_SUSPICIOUS_MOVE = YES;
				CLANG_WARN_UNGUARDED_AVAILABILITY = YES_AGGRESSIVE;
				CLANG_WARN_UNREACHABLE_CODE = YES;
				CLANG_WARN__DUPLICATE_METHOD_MATCH = YES;
				COPY_PHASE_STRIP = NO;
				DEBUG_INFORMATION_FORMAT = "dwarf-with-dsym";
				ENABLE_NS_ASSERTIONS = NO;
				ENABLE_STRICT_OBJC_MSGSEND = YES;
				GCC_C_LANGUAGE_STANDARD = gnu11;
				GCC_NO_COMMON_BLOCKS = YES;
				GCC_WARN_64_TO_32_BIT_CONVERSION = YES;
				GCC_WARN_ABOUT_RETURN_TYPE = YES_ERROR;
				GCC_WARN_UNDECLARED_SELECTOR = YES;
				GCC_WARN_UNINITIALIZED_AUTOS = YES_AGGRESSIVE;
				GCC_WARN_UNUSED_FUNCTION = YES;
				GCC_WARN_UNUSED_VARIABLE = YES;
				IPHONEOS_DEPLOYMENT_TARGET = 15.5;
				MTL_ENABLE_DEBUG_INFO = NO;
				MTL_FAST_MATH = YES;
				SDKROOT = iphoneos;
				SWIFT_COMPILATION_MODE = wholemodule;
				SWIFT_OPTIMIZATION_LEVEL = "-O";
				VALIDATE_PRODUCT = YES;
			};
			name = Release;
		};
		726CB95529F794A7003A6B5D /* Debug */ = {
			isa = XCBuildConfiguration;
			buildSettings = {
				ASSETCATALOG_COMPILER_APPICON_NAME = AppIcon;
				ASSETCATALOG_COMPILER_GLOBAL_ACCENT_COLOR_NAME = AccentColor;
				CODE_SIGN_STYLE = Automatic;
				CURRENT_PROJECT_VERSION = 1;
				GENERATE_INFOPLIST_FILE = YES;
				INFOPLIST_FILE = "Lets Chating/Info.plist";
				INFOPLIST_KEY_UIApplicationSupportsIndirectInputEvents = YES;
				INFOPLIST_KEY_UILaunchStoryboardName = LaunchScreen;
				INFOPLIST_KEY_UISupportedInterfaceOrientations_iPad = "UIInterfaceOrientationPortrait UIInterfaceOrientationPortraitUpsideDown UIInterfaceOrientationLandscapeLeft UIInterfaceOrientationLandscapeRight";
				INFOPLIST_KEY_UISupportedInterfaceOrientations_iPhone = "UIInterfaceOrientationPortrait UIInterfaceOrientationLandscapeLeft UIInterfaceOrientationLandscapeRight";
				LD_RUNPATH_SEARCH_PATHS = (
					"$(inherited)",
					"@executable_path/Frameworks",
				);
				MARKETING_VERSION = 1.0;
				PRODUCT_BUNDLE_IDENTIFIER = "com.mina.Lets-Chating";
				PRODUCT_NAME = "$(TARGET_NAME)";
				SWIFT_EMIT_LOC_STRINGS = YES;
				SWIFT_VERSION = 5.0;
				TARGETED_DEVICE_FAMILY = "1,2";
			};
			name = Debug;
		};
		726CB95629F794A7003A6B5D /* Release */ = {
			isa = XCBuildConfiguration;
			buildSettings = {
				ASSETCATALOG_COMPILER_APPICON_NAME = AppIcon;
				ASSETCATALOG_COMPILER_GLOBAL_ACCENT_COLOR_NAME = AccentColor;
				CODE_SIGN_STYLE = Automatic;
				CURRENT_PROJECT_VERSION = 1;
				GENERATE_INFOPLIST_FILE = YES;
				INFOPLIST_FILE = "Lets Chating/Info.plist";
				INFOPLIST_KEY_UIApplicationSupportsIndirectInputEvents = YES;
				INFOPLIST_KEY_UILaunchStoryboardName = LaunchScreen;
				INFOPLIST_KEY_UISupportedInterfaceOrientations_iPad = "UIInterfaceOrientationPortrait UIInterfaceOrientationPortraitUpsideDown UIInterfaceOrientationLandscapeLeft UIInterfaceOrientationLandscapeRight";
				INFOPLIST_KEY_UISupportedInterfaceOrientations_iPhone = "UIInterfaceOrientationPortrait UIInterfaceOrientationLandscapeLeft UIInterfaceOrientationLandscapeRight";
				LD_RUNPATH_SEARCH_PATHS = (
					"$(inherited)",
					"@executable_path/Frameworks",
				);
				MARKETING_VERSION = 1.0;
				PRODUCT_BUNDLE_IDENTIFIER = "com.mina.Lets-Chating";
				PRODUCT_NAME = "$(TARGET_NAME)";
				SWIFT_EMIT_LOC_STRINGS = YES;
				SWIFT_VERSION = 5.0;
				TARGETED_DEVICE_FAMILY = "1,2";
			};
			name = Release;
		};
		726CB95829F794A7003A6B5D /* Debug */ = {
			isa = XCBuildConfiguration;
			buildSettings = {
				ALWAYS_EMBED_SWIFT_STANDARD_LIBRARIES = YES;
				BUNDLE_LOADER = "$(TEST_HOST)";
				CODE_SIGN_STYLE = Automatic;
				CURRENT_PROJECT_VERSION = 1;
				GENERATE_INFOPLIST_FILE = YES;
				IPHONEOS_DEPLOYMENT_TARGET = 15.5;
				MARKETING_VERSION = 1.0;
				PRODUCT_BUNDLE_IDENTIFIER = "com.mina.Lets-ChatingTests";
				PRODUCT_NAME = "$(TARGET_NAME)";
				SWIFT_EMIT_LOC_STRINGS = NO;
				SWIFT_VERSION = 5.0;
				TARGETED_DEVICE_FAMILY = "1,2";
				TEST_HOST = "$(BUILT_PRODUCTS_DIR)/Lets Chating.app/Lets Chating";
			};
			name = Debug;
		};
		726CB95929F794A7003A6B5D /* Release */ = {
			isa = XCBuildConfiguration;
			buildSettings = {
				ALWAYS_EMBED_SWIFT_STANDARD_LIBRARIES = YES;
				BUNDLE_LOADER = "$(TEST_HOST)";
				CODE_SIGN_STYLE = Automatic;
				CURRENT_PROJECT_VERSION = 1;
				GENERATE_INFOPLIST_FILE = YES;
				IPHONEOS_DEPLOYMENT_TARGET = 15.5;
				MARKETING_VERSION = 1.0;
				PRODUCT_BUNDLE_IDENTIFIER = "com.mina.Lets-ChatingTests";
				PRODUCT_NAME = "$(TARGET_NAME)";
				SWIFT_EMIT_LOC_STRINGS = NO;
				SWIFT_VERSION = 5.0;
				TARGETED_DEVICE_FAMILY = "1,2";
				TEST_HOST = "$(BUILT_PRODUCTS_DIR)/Lets Chating.app/Lets Chating";
			};
			name = Release;
		};
		726CB95B29F794A7003A6B5D /* Debug */ = {
			isa = XCBuildConfiguration;
			buildSettings = {
				ALWAYS_EMBED_SWIFT_STANDARD_LIBRARIES = YES;
				CODE_SIGN_STYLE = Automatic;
				CURRENT_PROJECT_VERSION = 1;
				GENERATE_INFOPLIST_FILE = YES;
				MARKETING_VERSION = 1.0;
				PRODUCT_BUNDLE_IDENTIFIER = "com.mina.Lets-ChatingUITests";
				PRODUCT_NAME = "$(TARGET_NAME)";
				SWIFT_EMIT_LOC_STRINGS = NO;
				SWIFT_VERSION = 5.0;
				TARGETED_DEVICE_FAMILY = "1,2";
				TEST_TARGET_NAME = "Lets Chating";
			};
			name = Debug;
		};
		726CB95C29F794A7003A6B5D /* Release */ = {
			isa = XCBuildConfiguration;
			buildSettings = {
				ALWAYS_EMBED_SWIFT_STANDARD_LIBRARIES = YES;
				CODE_SIGN_STYLE = Automatic;
				CURRENT_PROJECT_VERSION = 1;
				GENERATE_INFOPLIST_FILE = YES;
				MARKETING_VERSION = 1.0;
				PRODUCT_BUNDLE_IDENTIFIER = "com.mina.Lets-ChatingUITests";
				PRODUCT_NAME = "$(TARGET_NAME)";
				SWIFT_EMIT_LOC_STRINGS = NO;
				SWIFT_VERSION = 5.0;
				TARGETED_DEVICE_FAMILY = "1,2";
				TEST_TARGET_NAME = "Lets Chating";
			};
			name = Release;
		};
/* End XCBuildConfiguration section */

/* Begin XCConfigurationList section */
		726CB92529F794A4003A6B5D /* Build configuration list for PBXProject "Lets Chating" */ = {
			isa = XCConfigurationList;
			buildConfigurations = (
				726CB95229F794A7003A6B5D /* Debug */,
				726CB95329F794A7003A6B5D /* Release */,
			);
			defaultConfigurationIsVisible = 0;
			defaultConfigurationName = Release;
		};
		726CB95429F794A7003A6B5D /* Build configuration list for PBXNativeTarget "Lets Chating" */ = {
			isa = XCConfigurationList;
			buildConfigurations = (
				726CB95529F794A7003A6B5D /* Debug */,
				726CB95629F794A7003A6B5D /* Release */,
			);
			defaultConfigurationIsVisible = 0;
			defaultConfigurationName = Release;
		};
		726CB95729F794A7003A6B5D /* Build configuration list for PBXNativeTarget "Lets ChatingTests" */ = {
			isa = XCConfigurationList;
			buildConfigurations = (
				726CB95829F794A7003A6B5D /* Debug */,
				726CB95929F794A7003A6B5D /* Release */,
			);
			defaultConfigurationIsVisible = 0;
			defaultConfigurationName = Release;
		};
		726CB95A29F794A7003A6B5D /* Build configuration list for PBXNativeTarget "Lets ChatingUITests" */ = {
			isa = XCConfigurationList;
			buildConfigurations = (
				726CB95B29F794A7003A6B5D /* Debug */,
				726CB95C29F794A7003A6B5D /* Release */,
			);
			defaultConfigurationIsVisible = 0;
			defaultConfigurationName = Release;
		};
/* End XCConfigurationList section */

/* Begin XCRemoteSwiftPackageReference section */
		726CB97A29F7AC53003A6B5D /* XCRemoteSwiftPackageReference "IQKeyboardManager" */ = {
			isa = XCRemoteSwiftPackageReference;
			repositoryURL = "https://github.com/hackiftekhar/IQKeyboardManager.git";
			requirement = {
				kind = exactVersion;
				version = 6.5.0;
			};
		};
		726CB9A829F7ED55003A6B5D /* XCRemoteSwiftPackageReference "firebase-ios-sdk" */ = {
			isa = XCRemoteSwiftPackageReference;
			repositoryURL = "https://github.com/firebase/firebase-ios-sdk";
			requirement = {
				kind = exactVersion;
				version = 9.6.0;
			};
		};
		72FEF97A2A0A580D0053CA8D /* XCRemoteSwiftPackageReference "MessageKit" */ = {
			isa = XCRemoteSwiftPackageReference;
			repositoryURL = "https://github.com/MessageKit/MessageKit";
			requirement = {
				kind = upToNextMajorVersion;
				minimumVersion = 4.0.0;
			};
		};
		72FEF97D2A0A58650053CA8D /* XCRemoteSwiftPackageReference "JGProgressHUD" */ = {
			isa = XCRemoteSwiftPackageReference;
			repositoryURL = "https://github.com/JonasGessner/JGProgressHUD.git";
			requirement = {
				kind = upToNextMajorVersion;
				minimumVersion = 2.0.0;
			};
		};
		72FEF9802A0A592A0053CA8D /* XCRemoteSwiftPackageReference "SDWebImage" */ = {
			isa = XCRemoteSwiftPackageReference;
			repositoryURL = "https://github.com/SDWebImage/SDWebImage.git";
			requirement = {
				kind = versionRange;
				maximumVersion = 6.0.0;
				minimumVersion = 5.1.0;
			};
		};
/* End XCRemoteSwiftPackageReference section */

/* Begin XCSwiftPackageProductDependency section */
		726CB97B29F7AC53003A6B5D /* IQKeyboardManagerSwift */ = {
			isa = XCSwiftPackageProductDependency;
			package = 726CB97A29F7AC53003A6B5D /* XCRemoteSwiftPackageReference "IQKeyboardManager" */;
			productName = IQKeyboardManagerSwift;
		};
		726CB9A929F7ED55003A6B5D /* FirebaseAnalytics */ = {
			isa = XCSwiftPackageProductDependency;
			package = 726CB9A829F7ED55003A6B5D /* XCRemoteSwiftPackageReference "firebase-ios-sdk" */;
			productName = FirebaseAnalytics;
		};
		726CB9AB29F7ED55003A6B5D /* FirebaseAuth */ = {
			isa = XCSwiftPackageProductDependency;
			package = 726CB9A829F7ED55003A6B5D /* XCRemoteSwiftPackageReference "firebase-ios-sdk" */;
			productName = FirebaseAuth;
		};
		726CB9AD29F7ED55003A6B5D /* FirebaseDatabase */ = {
			isa = XCSwiftPackageProductDependency;
			package = 726CB9A829F7ED55003A6B5D /* XCRemoteSwiftPackageReference "firebase-ios-sdk" */;
			productName = FirebaseDatabase;
		};
		726CB9AF29F7ED55003A6B5D /* FirebaseFirestore */ = {
			isa = XCSwiftPackageProductDependency;
			package = 726CB9A829F7ED55003A6B5D /* XCRemoteSwiftPackageReference "firebase-ios-sdk" */;
			productName = FirebaseFirestore;
		};
		726CB9B129F7ED55003A6B5D /* FirebaseStorage */ = {
			isa = XCSwiftPackageProductDependency;
			package = 726CB9A829F7ED55003A6B5D /* XCRemoteSwiftPackageReference "firebase-ios-sdk" */;
			productName = FirebaseStorage;
		};
		72FEF97B2A0A580E0053CA8D /* MessageKit */ = {
			isa = XCSwiftPackageProductDependency;
			package = 72FEF97A2A0A580D0053CA8D /* XCRemoteSwiftPackageReference "MessageKit" */;
			productName = MessageKit;
		};
		72FEF97E2A0A58650053CA8D /* JGProgressHUD */ = {
			isa = XCSwiftPackageProductDependency;
			package = 72FEF97D2A0A58650053CA8D /* XCRemoteSwiftPackageReference "JGProgressHUD" */;
			productName = JGProgressHUD;
		};
		72FEF9812A0A592A0053CA8D /* SDWebImage */ = {
			isa = XCSwiftPackageProductDependency;
			package = 72FEF9802A0A592A0053CA8D /* XCRemoteSwiftPackageReference "SDWebImage" */;
			productName = SDWebImage;
		};
		72FEF9832A0A592A0053CA8D /* SDWebImageMapKit */ = {
			isa = XCSwiftPackageProductDependency;
			package = 72FEF9802A0A592A0053CA8D /* XCRemoteSwiftPackageReference "SDWebImage" */;
			productName = SDWebImageMapKit;
		};
/* End XCSwiftPackageProductDependency section */
	};
	rootObject = 726CB92229F794A4003A6B5D /* Project object */;
}
